
Microsoft Visual Studio Solution File, Format Version 12.00
# Visual Studio Version 16
VisualStudioVersion = 16.0.29905.134
MinimumVisualStudioVersion = 10.0.40219.1
Project("{FAE04EC0-301F-11D3-BF4B-00C04F79EFBC}") = "tictactoe", "tictactoe\tictactoe.csproj", "{34055369-185B-4CDF-8F93-5BBE71D0124B}"
EndProject
Global
	GlobalSection(SolutionConfigurationPlatforms) = preSolution
		Debug|Any CPU = Debug|Any CPU
		Release|Any CPU = Release|Any CPU
	EndGlobalSection
	GlobalSection(ProjectConfigurationPlatforms) = postSolution
		{34055369-185B-4CDF-8F93-5BBE71D0124B}.Debug|Any CPU.ActiveCfg = Debug|Any CPU
		{34055369-185B-4CDF-8F93-5BBE71D0124B}.Debug|Any CPU.Build.0 = Debug|Any CPU
		{34055369-185B-4CDF-8F93-5BBE71D0124B}.Release|Any CPU.ActiveCfg = Release|Any CPU
		{34055369-185B-4CDF-8F93-5BBE71D0124B}.Release|Any CPU.Build.0 = Release|Any CPU
	EndGlobalSection
	GlobalSection(SolutionProperties) = preSolution
		HideSolutionNode = FALSE
	EndGlobalSection
	GlobalSection(ExtensibilityGlobals) = postSolution
		SolutionGuid = {6C3BAA49-D38F-415D-A474-8AC9A757E80B}
	EndGlobalSection
EndGlobal
